<?xml version="1.0" encoding="utf-8"?>
<Project ToolsVersion="4.0" xmlns="http://schemas.microsoft.com/developer/msbuild/2003">
  <ItemGroup>
    <Filter Include="Source Files">
      <UniqueIdentifier>{35871ebd-1ddc-4c7a-8f66-10214e6a2b9a}</UniqueIdentifier>
      <Extensions>cpp;c;cxx;rc;def;r;odl;idl;hpj;bat</Extensions>
    </Filter>
    <Filter Include="Header Files">
      <UniqueIdentifier>{3a0b4f06-85e3-41e3-8122-059c8bd23df7}</UniqueIdentifier>
    </Filter>
    <Filter Include="Resource Files">
      <UniqueIdentifier>{0ff49de9-d924-4290-a521-31d6971a14b8}</UniqueIdentifier>
    </Filter>
  </ItemGroup>
  <ItemGroup>
    <ClCompile Include="chat_dialog.cpp">
      <Filter>Source Files</Filter>
    </ClCompile>
    <ClCompile Include="ColorPicker.cpp">
      <Filter>Source Files</Filter>
    </ClCompile>
    <ClCompile Include="debug.cpp">
      <Filter>Source Files</Filter>
    </ClCompile>
    <ClCompile Include="main.cpp">
      <Filter>Source Files</Filter>
    </ClCompile>
    <ClCompile Include="main_frame.cpp">
      <Filter>Source Files</Filter>
    </ClCompile>
    <ClCompile Include="StdAfx.cpp">
      <Filter>Source Files</Filter>
    </ClCompile>
    <ClCompile Include="UIFriends.cpp">
      <Filter>Source Files</Filter>
    </ClCompile>
    <ClCompile Include="UIGroups.cpp">
      <Filter>Source Files</Filter>
    </ClCompile>
    <ClCompile Include="UIListCommonDefine.cpp">
      <Filter>Source Files</Filter>
    </ClCompile>
    <ClCompile Include="UIMicroBlog.cpp">
      <Filter>Source Files</Filter>
    </ClCompile>
    <ClCompile Include="..\DuiLib\Utils\XUnzip.cpp">
      <Filter>Source Files</Filter>
    </ClCompile>
    <ClCompile Include="color_skin.cpp">
      <Filter>Header Files</Filter>
    </ClCompile>
  </ItemGroup>
  <ItemGroup>
    <ClInclude Include="chat_dialog.hpp">
      <Filter>Header Files</Filter>
    </ClInclude>
    <ClInclude Include="color_skin.hpp">
      <Filter>Header Files</Filter>
    </ClInclude>
    <ClInclude Include="ColorPicker.hpp">
      <Filter>Header Files</Filter>
    </ClInclude>
    <ClInclude Include="debug.hpp">
      <Filter>Header Files</Filter>
    </ClInclude>
    <ClInclude Include="main_frame.hpp">
      <Filter>Header Files</Filter>
    </ClInclude>
    <ClInclude Include="observer_impl_base.hpp">
      <Filter>Header Files</Filter>
    </ClInclude>
    <ClInclude Include="skin_change_event.hpp">
      <Filter>Header Files</Filter>
    </ClInclude>
    <ClInclude Include="StdAfx.h">
      <Filter>Header Files</Filter>
    </ClInclude>
    <ClInclude Include="UIFriends.hpp">
      <Filter>Header Files</Filter>
    </ClInclude>
    <ClInclude Include="UIGroups.hpp">
      <Filter>Header Files</Filter>
    </ClInclude>
    <ClInclude Include="UIListCommonDefine.hpp">
      <Filter>Header Files</Filter>
    </ClInclude>
    <ClInclude Include="UIMicroBlog.hpp">
      <Filter>Header Files</Filter>
    </ClInclude>
    <ClInclude Include="resource.h">
      <Filter>Resource Files</Filter>
    </ClInclude>
  </ItemGroup>
  <ItemGroup>
    <ResourceCompile Include="QQDemo.rc">
      <Filter>Resource Files</Filter>
    </ResourceCompile>
  </ItemGroup>
</Project>