<?xml version="1.0" encoding="utf-8"?>
<Project ToolsVersion="4.0" xmlns="http://schemas.microsoft.com/developer/msbuild/2003">
  <ItemGroup>
    <Filter Include="Source Files">
      <UniqueIdentifier>{76b68387-df8b-4719-aef1-998ef476d304}</UniqueIdentifier>
      <Extensions>cpp;c;cxx;rc;def;r;odl;idl;hpj;bat</Extensions>
    </Filter>
    <Filter Include="Header Files">
      <UniqueIdentifier>{3c6641c2-1fe2-446e-988e-fd29c9469036}</UniqueIdentifier>
      <Extensions>h;hpp;hxx;hm;inl</Extensions>
    </Filter>
    <Filter Include="Resource Files">
      <UniqueIdentifier>{ec96e505-4e82-4b78-abe1-56fc56f9f0e7}</UniqueIdentifier>
      <Extensions>ico;cur;bmp;dlg;rc2;rct;bin;rgs;gif;jpg;jpeg;jpe</Extensions>
    </Filter>
  </ItemGroup>
  <ItemGroup>
    <ClCompile Include="ButtonTab.cpp">
      <Filter>Source Files</Filter>
    </ClCompile>
    <ClCompile Include="ComboTab.cpp">
      <Filter>Source Files</Filter>
    </ClCompile>
    <ClCompile Include="DialogBuilderCallbackEx.cpp">
      <Filter>Source Files</Filter>
    </ClCompile>
    <ClCompile Include="DuiDialog.cpp">
      <Filter>Source Files</Filter>
    </ClCompile>
    <ClCompile Include="duilib_test.cpp">
      <Filter>Source Files</Filter>
    </ClCompile>
    <ClCompile Include="EditTab.cpp">
      <Filter>Source Files</Filter>
    </ClCompile>
    <ClCompile Include="ListTab.cpp">
      <Filter>Source Files</Filter>
    </ClCompile>
    <ClCompile Include="MainDialog.cpp">
      <Filter>Source Files</Filter>
    </ClCompile>
    <ClCompile Include="MyList.cpp">
      <Filter>Source Files</Filter>
    </ClCompile>
    <ClCompile Include="stdafx.cpp">
      <Filter>Source Files</Filter>
    </ClCompile>
    <ClCompile Include="TreeTab.cpp">
      <Filter>Source Files</Filter>
    </ClCompile>
    <ClCompile Include="UserDefinedComboItem.cpp">
      <Filter>Source Files</Filter>
    </ClCompile>
  </ItemGroup>
  <ItemGroup>
    <ClInclude Include="ActivexTab.h">
      <Filter>Header Files</Filter>
    </ClInclude>
    <ClInclude Include="ButtonTab.h">
      <Filter>Header Files</Filter>
    </ClInclude>
    <ClInclude Include="ComboTab.h">
      <Filter>Header Files</Filter>
    </ClInclude>
    <ClInclude Include="DialogBuilderCallbackEx.h">
      <Filter>Header Files</Filter>
    </ClInclude>
    <ClInclude Include="DuiDialog.h">
      <Filter>Header Files</Filter>
    </ClInclude>
    <ClInclude Include="duilib_test.h">
      <Filter>Header Files</Filter>
    </ClInclude>
    <ClInclude Include="EditTab.h">
      <Filter>Header Files</Filter>
    </ClInclude>
    <ClInclude Include="ListTab.h">
      <Filter>Header Files</Filter>
    </ClInclude>
    <ClInclude Include="MainDialog.h">
      <Filter>Header Files</Filter>
    </ClInclude>
    <ClInclude Include="MyList.h">
      <Filter>Header Files</Filter>
    </ClInclude>
    <ClInclude Include="Resource.h">
      <Filter>Header Files</Filter>
    </ClInclude>
    <ClInclude Include="stdafx.h">
      <Filter>Header Files</Filter>
    </ClInclude>
    <ClInclude Include="targetver.h">
      <Filter>Header Files</Filter>
    </ClInclude>
    <ClInclude Include="TreeTab.h">
      <Filter>Header Files</Filter>
    </ClInclude>
    <ClInclude Include="TreeView.h">
      <Filter>Header Files</Filter>
    </ClInclude>
    <ClInclude Include="UserDefinedComboItem.h">
      <Filter>Header Files</Filter>
    </ClInclude>
  </ItemGroup>
</Project>